
Microsoft Visual Studio Solution File, Format Version 12.00
# Visual Studio Version 16
VisualStudioVersion = 16.0.31205.134
MinimumVisualStudioVersion = 10.0.40219.1
Project("{FAE04EC0-301F-11D3-BF4B-00C04F79EFBC}") = "ClubeDaLeitura.ConsoleApp", "ClubeDaLeitura\ClubeDaLeitura.ConsoleApp.csproj", "{B292DD27-CAB9-461B-B82A-06D1EF4E8417}"
EndProject
Global
	GlobalSection(SolutionConfigurationPlatforms) = preSolution
		Debug|Any CPU = Debug|Any CPU
		Release|Any CPU = Release|Any CPU
	EndGlobalSection
	GlobalSection(ProjectConfigurationPlatforms) = postSolution
		{B292DD27-CAB9-461B-B82A-06D1EF4E8417}.Debug|Any CPU.ActiveCfg = Debug|Any CPU
		{B292DD27-CAB9-461B-B82A-06D1EF4E8417}.Debug|Any CPU.Build.0 = Debug|Any CPU
		{B292DD27-CAB9-461B-B82A-06D1EF4E8417}.Release|Any CPU.ActiveCfg = Release|Any CPU
		{B292DD27-CAB9-461B-B82A-06D1EF4E8417}.Release|Any CPU.Build.0 = Release|Any CPU
	EndGlobalSection
	GlobalSection(SolutionProperties) = preSolution
		HideSolutionNode = FALSE
	EndGlobalSection
	GlobalSection(ExtensibilityGlobals) = postSolution
		SolutionGuid = {5CA756BF-2A2A-43F3-A854-6B375DB3F35D}
	EndGlobalSection
EndGlobal
